
Microsoft Visual Studio Solution File, Format Version 12.00
# Visual Studio Version 16
VisualStudioVersion = 16.0.30128.74
MinimumVisualStudioVersion = 10.0.40219.1
Project("{FAE04EC0-301F-11D3-BF4B-00C04F79EFBC}") = "GRSvrBase", "GRSvrBase\GRSvrBase.csproj", "{1CF8F09B-B300-400F-84CE-4D83F198500F}"
EndProject
Project("{FAE04EC0-301F-11D3-BF4B-00C04F79EFBC}") = "GRSvrTest", "GRSvrTest\GRSvrTest.csproj", "{BC20A009-0336-4E36-85D0-3C85D7FC6A18}"
EndProject
Project("{FAE04EC0-301F-11D3-BF4B-00C04F79EFBC}") = "GRSvr", "GRSvr\GRSvr.csproj", "{392FAC76-A8B8-4B2D-BA47-8B0B397D2F5A}"
EndProject
Global
	GlobalSection(SolutionConfigurationPlatforms) = preSolution
		Debug|Any CPU = Debug|Any CPU
		Release|Any CPU = Release|Any CPU
	EndGlobalSection
	GlobalSection(ProjectConfigurationPlatforms) = postSolution
		{1CF8F09B-B300-400F-84CE-4D83F198500F}.Debug|Any CPU.ActiveCfg = Debug|Any CPU
		{1CF8F09B-B300-400F-84CE-4D83F198500F}.Debug|Any CPU.Build.0 = Debug|Any CPU
		{1CF8F09B-B300-400F-84CE-4D83F198500F}.Release|Any CPU.ActiveCfg = Release|Any CPU
		{1CF8F09B-B300-400F-84CE-4D83F198500F}.Release|Any CPU.Build.0 = Release|Any CPU
		{BC20A009-0336-4E36-85D0-3C85D7FC6A18}.Debug|Any CPU.ActiveCfg = Debug|Any CPU
		{BC20A009-0336-4E36-85D0-3C85D7FC6A18}.Debug|Any CPU.Build.0 = Debug|Any CPU
		{BC20A009-0336-4E36-85D0-3C85D7FC6A18}.Release|Any CPU.ActiveCfg = Release|Any CPU
		{BC20A009-0336-4E36-85D0-3C85D7FC6A18}.Release|Any CPU.Build.0 = Release|Any CPU
		{392FAC76-A8B8-4B2D-BA47-8B0B397D2F5A}.Debug|Any CPU.ActiveCfg = Debug|Any CPU
		{392FAC76-A8B8-4B2D-BA47-8B0B397D2F5A}.Debug|Any CPU.Build.0 = Debug|Any CPU
		{392FAC76-A8B8-4B2D-BA47-8B0B397D2F5A}.Release|Any CPU.ActiveCfg = Release|Any CPU
		{392FAC76-A8B8-4B2D-BA47-8B0B397D2F5A}.Release|Any CPU.Build.0 = Release|Any CPU
	EndGlobalSection
	GlobalSection(SolutionProperties) = preSolution
		HideSolutionNode = FALSE
	EndGlobalSection
	GlobalSection(ExtensibilityGlobals) = postSolution
		SolutionGuid = {2238771F-2BCF-4CDD-8FD8-60CC5B3477DB}
	EndGlobalSection
EndGlobal
