
Microsoft Visual Studio Solution File, Format Version 12.00
# Visual Studio Version 16
VisualStudioVersion = 16.0.30128.74
MinimumVisualStudioVersion = 10.0.40219.1
Project("{FAE04EC0-301F-11D3-BF4B-00C04F79EFBC}") = "OFFICE", "OFFICE.csproj", "{F7640179-2A8C-42EC-98C0-CB912850447B}"
EndProject
Global
	GlobalSection(SolutionConfigurationPlatforms) = preSolution
		Debug|Any CPU = Debug|Any CPU
		Release|Any CPU = Release|Any CPU
	EndGlobalSection
	GlobalSection(ProjectConfigurationPlatforms) = postSolution
		{F7640179-2A8C-42EC-98C0-CB912850447B}.Debug|Any CPU.ActiveCfg = Debug|Any CPU
		{F7640179-2A8C-42EC-98C0-CB912850447B}.Debug|Any CPU.Build.0 = Debug|Any CPU
		{F7640179-2A8C-42EC-98C0-CB912850447B}.Release|Any CPU.ActiveCfg = Release|Any CPU
		{F7640179-2A8C-42EC-98C0-CB912850447B}.Release|Any CPU.Build.0 = Release|Any CPU
	EndGlobalSection
	GlobalSection(SolutionProperties) = preSolution
		HideSolutionNode = FALSE
	EndGlobalSection
	GlobalSection(ExtensibilityGlobals) = postSolution
		SolutionGuid = {755B4115-C4AA-4ABA-8198-6D6D22B6D5CF}
	EndGlobalSection
EndGlobal
